
Microsoft Visual Studio Solution File, Format Version 12.00
# Visual Studio Version 16
VisualStudioVersion = 16.0.30428.66
MinimumVisualStudioVersion = 10.0.40219.1
Project("{9A19103F-16F7-4668-BE54-9A1E7A4F7556}") = "AppVMC", "AppVMC\AppVMC.csproj", "{716FE023-1F1B-40D0-83CE-07C4BFB6D65E}"
EndProject
Project("{9A19103F-16F7-4668-BE54-9A1E7A4F7556}") = "ApiTVMC", "WebAPIAppVMC\ApiTVMC.csproj", "{7412031C-06F3-4BFF-99BF-6B68B4AEFA4B}"
EndProject
Project("{9A19103F-16F7-4668-BE54-9A1E7A4F7556}") = "ModelsLib", "ModelsLib\ModelsLib.csproj", "{13EF62FB-3F55-4DE2-842C-9BAABBC6D583}"
EndProject
Project("{9A19103F-16F7-4668-BE54-9A1E7A4F7556}") = "AppTVMC", "AppTVMC\AppTVMC.csproj", "{8E749B91-B3AE-4A00-9FAD-139AF1C97D31}"
EndProject
Project("{9A19103F-16F7-4668-BE54-9A1E7A4F7556}") = "PwaTVMC.Server", "PwaTVMC\Server\PwaTVMC.Server.csproj", "{F2EABCB0-7668-4945-81D0-AC53037E2895}"
EndProject
Project("{9A19103F-16F7-4668-BE54-9A1E7A4F7556}") = "PwaTVMC.Client", "PwaTVMC\Client\PwaTVMC.Client.csproj", "{27ED5968-9C13-4FF6-B67D-49BEF89A83A1}"
EndProject
Project("{9A19103F-16F7-4668-BE54-9A1E7A4F7556}") = "PwaTVMC.Shared", "PwaTVMC\Shared\PwaTVMC.Shared.csproj", "{3638F6FF-D8E2-4B84-80F8-49468F59902A}"
EndProject
Project("{2150E333-8FDC-42A3-9474-1A3956D46DE8}") = "Pwa", "Pwa", "{D72755B4-07C0-49A3-AA99-3893000DC229}"
EndProject
Project("{2150E333-8FDC-42A3-9474-1A3956D46DE8}") = "Core Hosted", "Core Hosted", "{E0EFA8C9-6AEC-47D7-A190-19D739D64EF7}"
EndProject
Project("{9A19103F-16F7-4668-BE54-9A1E7A4F7556}") = "PwaAppTVMC", "PwaAppTVMC\PwaAppTVMC.csproj", "{FEF5FBAE-FC7B-4DA5-A5AB-6FCD769C2901}"
EndProject
Project("{9A19103F-16F7-4668-BE54-9A1E7A4F7556}") = "WasmTVMC", "WasmTVMC\WasmTVMC.csproj", "{D0062A7E-484D-4826-BDC1-0D6B464A0CD3}"
EndProject
Project("{2150E333-8FDC-42A3-9474-1A3956D46DE8}") = "Wasm", "Wasm", "{C4E3BA7E-242F-48D1-831E-56FF36CE518F}"
EndProject
Project("{2150E333-8FDC-42A3-9474-1A3956D46DE8}") = "Api", "Api", "{6E14B894-A414-431F-B7A9-E8A9906BF84F}"
EndProject
Project("{2150E333-8FDC-42A3-9474-1A3956D46DE8}") = "Produção 1", "Produção 1", "{8890DD49-AE14-4438-9992-4249B345D4F8}"
EndProject
Global
	GlobalSection(SolutionConfigurationPlatforms) = preSolution
		Debug|Any CPU = Debug|Any CPU
		Release|Any CPU = Release|Any CPU
	EndGlobalSection
	GlobalSection(ProjectConfigurationPlatforms) = postSolution
		{716FE023-1F1B-40D0-83CE-07C4BFB6D65E}.Debug|Any CPU.ActiveCfg = Debug|Any CPU
		{716FE023-1F1B-40D0-83CE-07C4BFB6D65E}.Debug|Any CPU.Build.0 = Debug|Any CPU
		{716FE023-1F1B-40D0-83CE-07C4BFB6D65E}.Release|Any CPU.ActiveCfg = Release|Any CPU
		{716FE023-1F1B-40D0-83CE-07C4BFB6D65E}.Release|Any CPU.Build.0 = Release|Any CPU
		{7412031C-06F3-4BFF-99BF-6B68B4AEFA4B}.Debug|Any CPU.ActiveCfg = Debug|Any CPU
		{7412031C-06F3-4BFF-99BF-6B68B4AEFA4B}.Debug|Any CPU.Build.0 = Debug|Any CPU
		{7412031C-06F3-4BFF-99BF-6B68B4AEFA4B}.Release|Any CPU.ActiveCfg = Release|Any CPU
		{7412031C-06F3-4BFF-99BF-6B68B4AEFA4B}.Release|Any CPU.Build.0 = Release|Any CPU
		{13EF62FB-3F55-4DE2-842C-9BAABBC6D583}.Debug|Any CPU.ActiveCfg = Debug|Any CPU
		{13EF62FB-3F55-4DE2-842C-9BAABBC6D583}.Debug|Any CPU.Build.0 = Debug|Any CPU
		{13EF62FB-3F55-4DE2-842C-9BAABBC6D583}.Release|Any CPU.ActiveCfg = Release|Any CPU
		{13EF62FB-3F55-4DE2-842C-9BAABBC6D583}.Release|Any CPU.Build.0 = Release|Any CPU
		{8E749B91-B3AE-4A00-9FAD-139AF1C97D31}.Debug|Any CPU.ActiveCfg = Debug|Any CPU
		{8E749B91-B3AE-4A00-9FAD-139AF1C97D31}.Debug|Any CPU.Build.0 = Debug|Any CPU
		{8E749B91-B3AE-4A00-9FAD-139AF1C97D31}.Release|Any CPU.ActiveCfg = Release|Any CPU
		{8E749B91-B3AE-4A00-9FAD-139AF1C97D31}.Release|Any CPU.Build.0 = Release|Any CPU
		{F2EABCB0-7668-4945-81D0-AC53037E2895}.Debug|Any CPU.ActiveCfg = Debug|Any CPU
		{F2EABCB0-7668-4945-81D0-AC53037E2895}.Debug|Any CPU.Build.0 = Debug|Any CPU
		{F2EABCB0-7668-4945-81D0-AC53037E2895}.Release|Any CPU.ActiveCfg = Release|Any CPU
		{F2EABCB0-7668-4945-81D0-AC53037E2895}.Release|Any CPU.Build.0 = Release|Any CPU
		{27ED5968-9C13-4FF6-B67D-49BEF89A83A1}.Debug|Any CPU.ActiveCfg = Debug|Any CPU
		{27ED5968-9C13-4FF6-B67D-49BEF89A83A1}.Debug|Any CPU.Build.0 = Debug|Any CPU
		{27ED5968-9C13-4FF6-B67D-49BEF89A83A1}.Release|Any CPU.ActiveCfg = Release|Any CPU
		{27ED5968-9C13-4FF6-B67D-49BEF89A83A1}.Release|Any CPU.Build.0 = Release|Any CPU
		{3638F6FF-D8E2-4B84-80F8-49468F59902A}.Debug|Any CPU.ActiveCfg = Debug|Any CPU
		{3638F6FF-D8E2-4B84-80F8-49468F59902A}.Debug|Any CPU.Build.0 = Debug|Any CPU
		{3638F6FF-D8E2-4B84-80F8-49468F59902A}.Release|Any CPU.ActiveCfg = Release|Any CPU
		{3638F6FF-D8E2-4B84-80F8-49468F59902A}.Release|Any CPU.Build.0 = Release|Any CPU
		{FEF5FBAE-FC7B-4DA5-A5AB-6FCD769C2901}.Debug|Any CPU.ActiveCfg = Debug|Any CPU
		{FEF5FBAE-FC7B-4DA5-A5AB-6FCD769C2901}.Debug|Any CPU.Build.0 = Debug|Any CPU
		{FEF5FBAE-FC7B-4DA5-A5AB-6FCD769C2901}.Release|Any CPU.ActiveCfg = Release|Any CPU
		{FEF5FBAE-FC7B-4DA5-A5AB-6FCD769C2901}.Release|Any CPU.Build.0 = Release|Any CPU
		{D0062A7E-484D-4826-BDC1-0D6B464A0CD3}.Debug|Any CPU.ActiveCfg = Debug|Any CPU
		{D0062A7E-484D-4826-BDC1-0D6B464A0CD3}.Debug|Any CPU.Build.0 = Debug|Any CPU
		{D0062A7E-484D-4826-BDC1-0D6B464A0CD3}.Release|Any CPU.ActiveCfg = Release|Any CPU
		{D0062A7E-484D-4826-BDC1-0D6B464A0CD3}.Release|Any CPU.Build.0 = Release|Any CPU
	EndGlobalSection
	GlobalSection(SolutionProperties) = preSolution
		HideSolutionNode = FALSE
	EndGlobalSection
	GlobalSection(NestedProjects) = preSolution
		{716FE023-1F1B-40D0-83CE-07C4BFB6D65E} = {8890DD49-AE14-4438-9992-4249B345D4F8}
		{7412031C-06F3-4BFF-99BF-6B68B4AEFA4B} = {6E14B894-A414-431F-B7A9-E8A9906BF84F}
		{F2EABCB0-7668-4945-81D0-AC53037E2895} = {E0EFA8C9-6AEC-47D7-A190-19D739D64EF7}
		{27ED5968-9C13-4FF6-B67D-49BEF89A83A1} = {E0EFA8C9-6AEC-47D7-A190-19D739D64EF7}
		{3638F6FF-D8E2-4B84-80F8-49468F59902A} = {E0EFA8C9-6AEC-47D7-A190-19D739D64EF7}
		{E0EFA8C9-6AEC-47D7-A190-19D739D64EF7} = {D72755B4-07C0-49A3-AA99-3893000DC229}
		{FEF5FBAE-FC7B-4DA5-A5AB-6FCD769C2901} = {D72755B4-07C0-49A3-AA99-3893000DC229}
		{D0062A7E-484D-4826-BDC1-0D6B464A0CD3} = {C4E3BA7E-242F-48D1-831E-56FF36CE518F}
	EndGlobalSection
	GlobalSection(ExtensibilityGlobals) = postSolution
		SolutionGuid = {C87D493A-3CA7-4158-8EB1-6030D032AD3E}
	EndGlobalSection
EndGlobal
